
Microsoft Visual Studio Solution File, Format Version 12.00
# Visual Studio Version 17
VisualStudioVersion = 17.8.34330.188
MinimumVisualStudioVersion = 10.0.40219.1
Project("{FAE04EC0-301F-11D3-BF4B-00C04F79EFBC}") = "Zoo", "Zoo\Zoo.csproj", "{82EF1587-626A-413D-BBC8-191EA4D92911}"
EndProject
Global
	GlobalSection(SolutionConfigurationPlatforms) = preSolution
		Debug|Any CPU = Debug|Any CPU
		Release|Any CPU = Release|Any CPU
	EndGlobalSection
	GlobalSection(ProjectConfigurationPlatforms) = postSolution
		{82EF1587-626A-413D-BBC8-191EA4D92911}.Debug|Any CPU.ActiveCfg = Debug|Any CPU
		{82EF1587-626A-413D-BBC8-191EA4D92911}.Debug|Any CPU.Build.0 = Debug|Any CPU
		{82EF1587-626A-413D-BBC8-191EA4D92911}.Release|Any CPU.ActiveCfg = Release|Any CPU
		{82EF1587-626A-413D-BBC8-191EA4D92911}.Release|Any CPU.Build.0 = Release|Any CPU
	EndGlobalSection
	GlobalSection(SolutionProperties) = preSolution
		HideSolutionNode = FALSE
	EndGlobalSection
	GlobalSection(ExtensibilityGlobals) = postSolution
		SolutionGuid = {8E985B37-266E-4BA9-B185-C0C505504705}
	EndGlobalSection
EndGlobal
